<?xml version="1.0" encoding="UTF-8" standalone="yes" ?>
<CodeBlocks_project_file>
	<FileVersion major="1" minor="6" />
	<Project>
		<Option title="makeconfig" />
		<Option pch_mode="2" />
		<Option compiler="gcc" />
		<Build>
			<Target title="Debug">
				<Option output="bin/Debug/makeconfig" prefix_auto="1" extension_auto="1" />
				<Option object_output="obj/Debug/" />
				<Option type="1" />
				<Option compiler="gcc" />
				<Compiler>
					<Add option="-g" />
				</Compiler>
			</Target>
			<Target title="Release">
				<Option output="bin/Release/makeconfig" prefix_auto="1" extension_auto="1" />
				<Option object_output="obj/Release/" />
				<Option type="1" />
				<Option compiler="gcc" />
				<Compiler>
					<Add option="-O2" />
				</Compiler>
				<Linker>
					<Add option="-s" />
				</Linker>
			</Target>
		</Build>
		<Compiler>
			<Add option="-Wall" />
			<Add option="-fexceptions" />
		</Compiler>
		<Unit filename="../NVT/atom.cpp" />
		<Unit filename="../NVT/atom.h" />
		<Unit filename="../NVT/common.h" />
		<Unit filename="../NVT/config.cpp" />
		<Unit filename="../NVT/config.h" />
		<Unit filename="../NVT/force_field.cpp" />
		<Unit filename="../NVT/force_field.h" />
		<Unit filename="../NVT/integrator.cpp" />
		<Unit filename="../NVT/integrator.h" />
		<Unit filename="../NVT/o_list.cpp" />
		<Unit filename="../NVT/o_list.h" />
		<Unit filename="../NVT/object.cpp" />
		<Unit filename="../NVT/object.h" />
		<Unit filename="../NVT/topology.cpp" />
		<Unit filename="../NVT/topology.h" />
		<Unit filename="makeconfig.cpp" />
		<Extensions>
			<envvars />
			<code_completion />
			<debugger />
			<lib_finder disable_auto="1" />
		</Extensions>
	</Project>
</CodeBlocks_project_file>
